Microsoft Visual Studio Solution File, Format Version 11.00
# Visual Studio 2008

Project("{8F3D10EB-21BD-3634-7C25-8679EBA9E92B}") = "Finished", "Assembly-CSharp-firstpass.csproj", "{6D674BAA-48E7-3271-7205-EB79926ADF73}"
EndProject
Project("{8F3D10EB-21BD-3634-7C25-8679EBA9E92B}") = "Finished", "Assembly-CSharp.csproj", "{EB708A86-25DE-1B6A-01CD-86EDD2CF4896}"
EndProject
Global
	GlobalSection(SolutionConfigurationPlatforms) = preSolution
		Debug|Any CPU = Debug|Any CPU
		Release|Any CPU = Release|Any CPU
	EndGlobalSection
	GlobalSection(ProjectConfigurationPlatforms) = postSolution
		{6D674BAA-48E7-3271-7205-EB79926ADF73}.Debug|Any CPU.ActiveCfg = Debug|Any CPU
		{6D674BAA-48E7-3271-7205-EB79926ADF73}.Debug|Any CPU.Build.0 = Debug|Any CPU
		{6D674BAA-48E7-3271-7205-EB79926ADF73}.Release|Any CPU.ActiveCfg = Release|Any CPU
		{6D674BAA-48E7-3271-7205-EB79926ADF73}.Release|Any CPU.Build.0 = Release|Any CPU
		{EB708A86-25DE-1B6A-01CD-86EDD2CF4896}.Debug|Any CPU.ActiveCfg = Debug|Any CPU
		{EB708A86-25DE-1B6A-01CD-86EDD2CF4896}.Debug|Any CPU.Build.0 = Debug|Any CPU
		{EB708A86-25DE-1B6A-01CD-86EDD2CF4896}.Release|Any CPU.ActiveCfg = Release|Any CPU
		{EB708A86-25DE-1B6A-01CD-86EDD2CF4896}.Release|Any CPU.Build.0 = Release|Any CPU
	EndGlobalSection
	GlobalSection(SolutionProperties) = preSolution
		HideSolutionNode = FALSE
	EndGlobalSection
													GlobalSection(MonoDevelopProperties) = preSolution
		StartupItem = Assembly-CSharp.csproj
		Policies = $0
		$0.TextStylePolicy = $1
		$1.inheritsSet = null
		$1.scope = text/x-csharp
		$0.CSharpFormattingPolicy = $2
		$2.inheritsSet = Mono
		$2.inheritsScope = text/x-csharp
		$2.scope = text/x-csharp
		$0.TextStylePolicy = $3
		$3.FileWidth = 120
		$3.TabWidth = 4
		$3.EolMarker = Unix
		$3.inheritsSet = Mono
		$3.inheritsScope = text/plain
		$3.scope = text/plain
	EndGlobalSection

EndGlobal
